
Microsoft Visual Studio Solution File, Format Version 12.00
# Visual Studio Version 17
VisualStudioVersion = 17.3.32819.101
MinimumVisualStudioVersion = 10.0.40219.1
Project("{9A19103F-16F7-4668-BE54-9A1E7A4F7556}") = "WestwindWebApp", "WestwindWebApp\WestwindWebApp.csproj", "{98A6C33B-5300-4CEE-9893-49F9A1314B93}"
EndProject
Global
	GlobalSection(SolutionConfigurationPlatforms) = preSolution
		Debug|Any CPU = Debug|Any CPU
		Release|Any CPU = Release|Any CPU
	EndGlobalSection
	GlobalSection(ProjectConfigurationPlatforms) = postSolution
		{98A6C33B-5300-4CEE-9893-49F9A1314B93}.Debug|Any CPU.ActiveCfg = Debug|Any CPU
		{98A6C33B-5300-4CEE-9893-49F9A1314B93}.Debug|Any CPU.Build.0 = Debug|Any CPU
		{98A6C33B-5300-4CEE-9893-49F9A1314B93}.Release|Any CPU.ActiveCfg = Release|Any CPU
		{98A6C33B-5300-4CEE-9893-49F9A1314B93}.Release|Any CPU.Build.0 = Release|Any CPU
	EndGlobalSection
	GlobalSection(SolutionProperties) = preSolution
		HideSolutionNode = FALSE
	EndGlobalSection
	GlobalSection(ExtensibilityGlobals) = postSolution
		SolutionGuid = {3F054389-A487-4F45-9B8F-BF51AA715F48}
	EndGlobalSection
EndGlobal
